
Microsoft Visual Studio Solution File, Format Version 12.00
# Visual Studio 14
VisualStudioVersion = 14.0.25420.1
MinimumVisualStudioVersion = 10.0.40219.1
Project("{FAE04EC0-301F-11D3-BF4B-00C04F79EFBC}") = "DomainModel", "DomainModel\DomainModel.csproj", "{D6B6BEEB-6DA6-463D-A7E4-97A1309E1113}"
EndProject
Project("{FAE04EC0-301F-11D3-BF4B-00C04F79EFBC}") = "DataTransferObject", "DataTransferObject\DataTransferObject.csproj", "{5A1CD4A2-87F7-48CC-8117-5EBBB44F5C97}"
EndProject
Project("{FAE04EC0-301F-11D3-BF4B-00C04F79EFBC}") = "AdminApplication", "AdminApplication\AdminApplication.csproj", "{1B3C3548-8599-46BC-AB53-EC16F2529955}"
EndProject
Project("{FAE04EC0-301F-11D3-BF4B-00C04F79EFBC}") = "TesteeApplication", "TesteeApplication\TesteeApplication.csproj", "{7D54CF3E-D5B9-4746-A4B6-985D10B3EC52}"
EndProject
Project("{FAE04EC0-301F-11D3-BF4B-00C04F79EFBC}") = "ApplicationServer", "ApplicationServer\ApplicationServer.csproj", "{6FD215D0-E9F8-4AA5-88D3-46EF628F3F97}"
EndProject
Project("{FAE04EC0-301F-11D3-BF4B-00C04F79EFBC}") = "LoadDataFromLMS", "LoadDataFromLMS\LoadDataFromLMS.csproj", "{4FB1630A-E1E0-4950-B965-0B91FA489475}"
EndProject
Project("{FAE04EC0-301F-11D3-BF4B-00C04F79EFBC}") = "DAL", "DAL\DAL.csproj", "{8342EC43-975B-4C95-96DB-895009E3FD22}"
EndProject
Project("{FAE04EC0-301F-11D3-BF4B-00C04F79EFBC}") = "Services", "Services\Services.csproj", "{AF0DA9EF-28B7-49B7-ABE8-2D5BB962E3C7}"
EndProject
Project("{FAE04EC0-301F-11D3-BF4B-00C04F79EFBC}") = "DataLoader", "DataLoader\DataLoader.csproj", "{1FF6C7D3-2F7F-4DF5-9F5A-4A6B58285096}"
EndProject
Project("{FAE04EC0-301F-11D3-BF4B-00C04F79EFBC}") = "LoaderModel", "LoaderModel\LoaderModel.csproj", "{F6C53DA5-25FE-4B9C-B234-A4AD0882A95B}"
EndProject
Global
	GlobalSection(SolutionConfigurationPlatforms) = preSolution
		Debug|Any CPU = Debug|Any CPU
		Release|Any CPU = Release|Any CPU
	EndGlobalSection
	GlobalSection(ProjectConfigurationPlatforms) = postSolution
		{D6B6BEEB-6DA6-463D-A7E4-97A1309E1113}.Debug|Any CPU.ActiveCfg = Debug|Any CPU
		{D6B6BEEB-6DA6-463D-A7E4-97A1309E1113}.Debug|Any CPU.Build.0 = Debug|Any CPU
		{D6B6BEEB-6DA6-463D-A7E4-97A1309E1113}.Release|Any CPU.ActiveCfg = Release|Any CPU
		{D6B6BEEB-6DA6-463D-A7E4-97A1309E1113}.Release|Any CPU.Build.0 = Release|Any CPU
		{5A1CD4A2-87F7-48CC-8117-5EBBB44F5C97}.Debug|Any CPU.ActiveCfg = Debug|Any CPU
		{5A1CD4A2-87F7-48CC-8117-5EBBB44F5C97}.Debug|Any CPU.Build.0 = Debug|Any CPU
		{5A1CD4A2-87F7-48CC-8117-5EBBB44F5C97}.Release|Any CPU.ActiveCfg = Release|Any CPU
		{5A1CD4A2-87F7-48CC-8117-5EBBB44F5C97}.Release|Any CPU.Build.0 = Release|Any CPU
		{1B3C3548-8599-46BC-AB53-EC16F2529955}.Debug|Any CPU.ActiveCfg = Debug|Any CPU
		{1B3C3548-8599-46BC-AB53-EC16F2529955}.Debug|Any CPU.Build.0 = Debug|Any CPU
		{1B3C3548-8599-46BC-AB53-EC16F2529955}.Release|Any CPU.ActiveCfg = Release|Any CPU
		{1B3C3548-8599-46BC-AB53-EC16F2529955}.Release|Any CPU.Build.0 = Release|Any CPU
		{7D54CF3E-D5B9-4746-A4B6-985D10B3EC52}.Debug|Any CPU.ActiveCfg = Debug|Any CPU
		{7D54CF3E-D5B9-4746-A4B6-985D10B3EC52}.Debug|Any CPU.Build.0 = Debug|Any CPU
		{7D54CF3E-D5B9-4746-A4B6-985D10B3EC52}.Release|Any CPU.ActiveCfg = Release|Any CPU
		{7D54CF3E-D5B9-4746-A4B6-985D10B3EC52}.Release|Any CPU.Build.0 = Release|Any CPU
		{6FD215D0-E9F8-4AA5-88D3-46EF628F3F97}.Debug|Any CPU.ActiveCfg = Debug|Any CPU
		{6FD215D0-E9F8-4AA5-88D3-46EF628F3F97}.Debug|Any CPU.Build.0 = Debug|Any CPU
		{6FD215D0-E9F8-4AA5-88D3-46EF628F3F97}.Release|Any CPU.ActiveCfg = Release|Any CPU
		{6FD215D0-E9F8-4AA5-88D3-46EF628F3F97}.Release|Any CPU.Build.0 = Release|Any CPU
		{4FB1630A-E1E0-4950-B965-0B91FA489475}.Debug|Any CPU.ActiveCfg = Debug|Any CPU
		{4FB1630A-E1E0-4950-B965-0B91FA489475}.Debug|Any CPU.Build.0 = Debug|Any CPU
		{4FB1630A-E1E0-4950-B965-0B91FA489475}.Release|Any CPU.ActiveCfg = Release|Any CPU
		{4FB1630A-E1E0-4950-B965-0B91FA489475}.Release|Any CPU.Build.0 = Release|Any CPU
		{8342EC43-975B-4C95-96DB-895009E3FD22}.Debug|Any CPU.ActiveCfg = Debug|Any CPU
		{8342EC43-975B-4C95-96DB-895009E3FD22}.Debug|Any CPU.Build.0 = Debug|Any CPU
		{8342EC43-975B-4C95-96DB-895009E3FD22}.Release|Any CPU.ActiveCfg = Release|Any CPU
		{8342EC43-975B-4C95-96DB-895009E3FD22}.Release|Any CPU.Build.0 = Release|Any CPU
		{AF0DA9EF-28B7-49B7-ABE8-2D5BB962E3C7}.Debug|Any CPU.ActiveCfg = Debug|Any CPU
		{AF0DA9EF-28B7-49B7-ABE8-2D5BB962E3C7}.Debug|Any CPU.Build.0 = Debug|Any CPU
		{AF0DA9EF-28B7-49B7-ABE8-2D5BB962E3C7}.Release|Any CPU.ActiveCfg = Release|Any CPU
		{AF0DA9EF-28B7-49B7-ABE8-2D5BB962E3C7}.Release|Any CPU.Build.0 = Release|Any CPU
		{1FF6C7D3-2F7F-4DF5-9F5A-4A6B58285096}.Debug|Any CPU.ActiveCfg = Debug|Any CPU
		{1FF6C7D3-2F7F-4DF5-9F5A-4A6B58285096}.Debug|Any CPU.Build.0 = Debug|Any CPU
		{1FF6C7D3-2F7F-4DF5-9F5A-4A6B58285096}.Release|Any CPU.ActiveCfg = Release|Any CPU
		{1FF6C7D3-2F7F-4DF5-9F5A-4A6B58285096}.Release|Any CPU.Build.0 = Release|Any CPU
		{F6C53DA5-25FE-4B9C-B234-A4AD0882A95B}.Debug|Any CPU.ActiveCfg = Debug|Any CPU
		{F6C53DA5-25FE-4B9C-B234-A4AD0882A95B}.Debug|Any CPU.Build.0 = Debug|Any CPU
		{F6C53DA5-25FE-4B9C-B234-A4AD0882A95B}.Release|Any CPU.ActiveCfg = Release|Any CPU
		{F6C53DA5-25FE-4B9C-B234-A4AD0882A95B}.Release|Any CPU.Build.0 = Release|Any CPU
	EndGlobalSection
	GlobalSection(SolutionProperties) = preSolution
		HideSolutionNode = FALSE
	EndGlobalSection
EndGlobal
